
Microsoft Visual Studio Solution File, Format Version 12.00
# Visual Studio Version 16
VisualStudioVersion = 16.0.33027.164
MinimumVisualStudioVersion = 10.0.40219.1
Project("{FAE04EC0-301F-11D3-BF4B-00C04F79EFBC}") = "ELEARNING", "ELEARNING\ELEARNING.csproj", "{F5F5DFDC-A066-4B75-8AD3-CFCCF17468B6}"
EndProject
Global
	GlobalSection(SolutionConfigurationPlatforms) = preSolution
		Debug|Any CPU = Debug|Any CPU
		Release|Any CPU = Release|Any CPU
	EndGlobalSection
	GlobalSection(ProjectConfigurationPlatforms) = postSolution
		{F5F5DFDC-A066-4B75-8AD3-CFCCF17468B6}.Debug|Any CPU.ActiveCfg = Debug|Any CPU
		{F5F5DFDC-A066-4B75-8AD3-CFCCF17468B6}.Debug|Any CPU.Build.0 = Debug|Any CPU
		{F5F5DFDC-A066-4B75-8AD3-CFCCF17468B6}.Release|Any CPU.ActiveCfg = Release|Any CPU
		{F5F5DFDC-A066-4B75-8AD3-CFCCF17468B6}.Release|Any CPU.Build.0 = Release|Any CPU
	EndGlobalSection
	GlobalSection(SolutionProperties) = preSolution
		HideSolutionNode = FALSE
	EndGlobalSection
	GlobalSection(ExtensibilityGlobals) = postSolution
		SolutionGuid = {20D0D7C3-E295-462A-B5F8-F921EB20265C}
	EndGlobalSection
EndGlobal
